<?xml version="1.0" encoding="utf-8"?>
<Project ToolsVersion="4.0" xmlns="http://schemas.microsoft.com/developer/msbuild/2003">
  <ItemGroup>
    <Filter Include="Source Files">
      <UniqueIdentifier>{4FC737F1-C7A5-4376-A066-2A32D752A2FF}</UniqueIdentifier>
      <Extensions>cpp;c;cc;cxx;def;odl;idl;hpj;bat;asm;asmx</Extensions>
    </Filter>
    <Filter Include="Header Files">
      <UniqueIdentifier>{93995380-89BD-4b04-88EB-625FBE52EBFB}</UniqueIdentifier>
      <Extensions>h;hh;hpp;hxx;hm;inl;inc;xsd</Extensions>
    </Filter>
    <Filter Include="Resource Files">
      <UniqueIdentifier>{D9D6E242-F8AF-46E4-B9FD-80ECBC20BA3E}</UniqueIdentifier>
      <Extensions>qrc;*</Extensions>
      <ParseFiles>false</ParseFiles>
    </Filter>
    <Filter Include="Form Files">
      <UniqueIdentifier>{99349809-55BA-4b9d-BF79-8FDBB0286EB3}</UniqueIdentifier>
      <Extensions>ui</Extensions>
    </Filter>
    <Filter Include="Resource Files">
      <UniqueIdentifier>{D9D6E242-F8AF-46E4-B9FD-80ECBC20BA3E}</UniqueIdentifier>
      <Extensions>qrc;*</Extensions>
      <ParseFiles>false</ParseFiles>
    </Filter>
    <Filter Include="Generated Files">
      <UniqueIdentifier>{71ED8ED8-ACB9-4CE9-BBE1-E00B30144E11}</UniqueIdentifier>
      <Extensions>moc;h;cpp</Extensions>
      <SourceControlFiles>False</SourceControlFiles>
    </Filter>
    <Filter Include="Tests">
      <UniqueIdentifier>{e164ae7b-edb0-4891-a923-60eb37e5d6f4}</UniqueIdentifier>
    </Filter>
    <Filter Include="Tests\PCLTests">
      <UniqueIdentifier>{bf04dc48-49d9-4276-9d4a-6309f1a3e670}</UniqueIdentifier>
    </Filter>
    <Filter Include="Tests\PCLTests\ICPTests">
      <UniqueIdentifier>{9a1950da-9ce0-42bd-be60-2e2c843ea8c0}</UniqueIdentifier>
    </Filter>
    <Filter Include="Source Files\PCL">
      <UniqueIdentifier>{2ac9126e-ba47-4776-81a9-eaa40920d9dd}</UniqueIdentifier>
    </Filter>
    <Filter Include="Source Files\Kinect">
      <UniqueIdentifier>{ce2d9962-de38-45b2-ad49-c2515fecab29}</UniqueIdentifier>
    </Filter>
    <Filter Include="Source Files\Renderer">
      <UniqueIdentifier>{7415cd7c-d74b-4ed1-ab78-24428d4f0a95}</UniqueIdentifier>
    </Filter>
  </ItemGroup>
  <ItemGroup>
    <ClCompile Include="main.cpp">
      <Filter>Source Files</Filter>
    </ClCompile>
    <ClCompile Include="Scansify.cpp">
      <Filter>Source Files</Filter>
    </ClCompile>
    <ClCompile Include="GeneratedFiles\Debug\moc_Scansify.cpp">
      <Filter>Generated Files</Filter>
    </ClCompile>
    <ClCompile Include="GeneratedFiles\qrc_Scansify.cpp">
      <Filter>Generated Files</Filter>
    </ClCompile>
    <ClCompile Include="ICP.cpp">
      <Filter>Source Files\PCL</Filter>
    </ClCompile>
    <ClCompile Include="FrameSource.cpp">
      <Filter>Source Files\Kinect</Filter>
    </ClCompile>
    <ClCompile Include="OGLWidget.cpp">
      <Filter>Source Files\Renderer</Filter>
    </ClCompile>
  </ItemGroup>
  <ItemGroup>
    <CustomBuild Include="Scansify.h">
      <Filter>Header Files</Filter>
    </CustomBuild>
    <CustomBuild Include="Scansify.ui">
      <Filter>Form Files</Filter>
    </CustomBuild>
    <CustomBuild Include="Scansify.qrc">
      <Filter>Resource Files</Filter>
    </CustomBuild>
  </ItemGroup>
  <ItemGroup>
    <ClInclude Include="GeneratedFiles\ui_Scansify.h">
      <Filter>Generated Files</Filter>
    </ClInclude>
    <ClInclude Include="ICP.h">
      <Filter>Header Files</Filter>
    </ClInclude>
    <ClInclude Include="FrameSource.h">
      <Filter>Header Files</Filter>
    </ClInclude>
    <ClInclude Include="OGLWidget.h">
      <Filter>Header Files</Filter>
    </ClInclude>
  </ItemGroup>
  <ItemGroup>
    <None Include="packages.config" />
  </ItemGroup>
</Project>