
Microsoft Visual Studio Solution File, Format Version 12.00
# Visual Studio 15
VisualStudioVersion = 15.0.27004.2002
MinimumVisualStudioVersion = 10.0.40219.1
Project("{8BC9CEB8-8B4A-11D0-8D11-00A0C91BC942}") = "Scansify", "Scansify\Scansify.vcxproj", "{B12702AD-ABFB-343A-A199-8E24837244A3}"
EndProject
Project("{2150E333-8FDC-42A3-9474-1A3956D46DE8}") = "Lib", "Lib", "{C388298F-6C4A-454D-AED1-8C58B9ED2E41}"
EndProject
Project("{8BC9CEB8-8B4A-11D0-8D11-00A0C91BC942}") = "ScansifyTests", "ScansifyTests\ScansifyTests.vcxproj", "{E4FC4B3C-FFFC-408D-BBAE-258EE4A0B350}"
EndProject
Global
	GlobalSection(SolutionConfigurationPlatforms) = preSolution
		Debug|x64 = Debug|x64
		Debug|x86 = Debug|x86
		Release|x64 = Release|x64
		Release|x86 = Release|x86
	EndGlobalSection
	GlobalSection(ProjectConfigurationPlatforms) = postSolution
		{B12702AD-ABFB-343A-A199-8E24837244A3}.Debug|x64.ActiveCfg = Debug|x64
		{B12702AD-ABFB-343A-A199-8E24837244A3}.Debug|x64.Build.0 = Debug|x64
		{B12702AD-ABFB-343A-A199-8E24837244A3}.Debug|x86.ActiveCfg = Debug|x64
		{B12702AD-ABFB-343A-A199-8E24837244A3}.Release|x64.ActiveCfg = Release|x64
		{B12702AD-ABFB-343A-A199-8E24837244A3}.Release|x64.Build.0 = Release|x64
		{B12702AD-ABFB-343A-A199-8E24837244A3}.Release|x86.ActiveCfg = Release|x64
		{E4FC4B3C-FFFC-408D-BBAE-258EE4A0B350}.Debug|x64.ActiveCfg = Debug|x64
		{E4FC4B3C-FFFC-408D-BBAE-258EE4A0B350}.Debug|x64.Build.0 = Debug|x64
		{E4FC4B3C-FFFC-408D-BBAE-258EE4A0B350}.Debug|x86.ActiveCfg = Debug|Win32
		{E4FC4B3C-FFFC-408D-BBAE-258EE4A0B350}.Debug|x86.Build.0 = Debug|Win32
		{E4FC4B3C-FFFC-408D-BBAE-258EE4A0B350}.Release|x64.ActiveCfg = Release|x64
		{E4FC4B3C-FFFC-408D-BBAE-258EE4A0B350}.Release|x64.Build.0 = Release|x64
		{E4FC4B3C-FFFC-408D-BBAE-258EE4A0B350}.Release|x86.ActiveCfg = Release|Win32
		{E4FC4B3C-FFFC-408D-BBAE-258EE4A0B350}.Release|x86.Build.0 = Release|Win32
	EndGlobalSection
	GlobalSection(SolutionProperties) = preSolution
		HideSolutionNode = FALSE
	EndGlobalSection
	GlobalSection(ExtensibilityGlobals) = postSolution
		SolutionGuid = {6479A0F7-D93E-41D5-A13F-6B31CFFB7AF4}
	EndGlobalSection
EndGlobal
