<?xml version="1.0" encoding="utf-8"?>
<Project ToolsVersion="4.0" xmlns="http://schemas.microsoft.com/developer/msbuild/2003">
  <ItemGroup>
    <Filter Include="Source Files">
      <UniqueIdentifier>{4FC737F1-C7A5-4376-A066-2A32D752A2FF}</UniqueIdentifier>
      <Extensions>cpp;c;cc;cxx;def;odl;idl;hpj;bat;asm;asmx</Extensions>
    </Filter>
    <Filter Include="Header Files">
      <UniqueIdentifier>{93995380-89BD-4b04-88EB-625FBE52EBFB}</UniqueIdentifier>
      <Extensions>h;hpp;hxx;hm;inl;inc;xsd</Extensions>
    </Filter>
    <Filter Include="Resource Files">
      <UniqueIdentifier>{67DA6AB6-F800-4c08-8B7A-83BB121AAD01}</UniqueIdentifier>
      <Extensions>rc;ico;cur;bmp;dlg;rc2;rct;bin;rgs;gif;jpg;jpeg;jpe;resx;tiff;tif;png;wav</Extensions>
    </Filter>
    <Filter Include="Source Files\PCL">
      <UniqueIdentifier>{fbd93789-3aa9-4788-833e-8a3d44cd8696}</UniqueIdentifier>
    </Filter>
    <Filter Include="Source Files\Renderer">
      <UniqueIdentifier>{3b5fd1e5-d6d2-4d1e-a3e3-7ecb3cdaeb83}</UniqueIdentifier>
    </Filter>
    <Filter Include="Source Files\Kinect">
      <UniqueIdentifier>{01bb5b9d-f431-46c6-834c-762084c19278}</UniqueIdentifier>
    </Filter>
    <Filter Include="Source Files\Raytracing">
      <UniqueIdentifier>{ba8caffe-5a1a-41d3-accd-70e751901e61}</UniqueIdentifier>
    </Filter>
    <Filter Include="Source Files\Raytracing\Core">
      <UniqueIdentifier>{1dd2bff1-614e-46f4-b308-6ee8749658d0}</UniqueIdentifier>
    </Filter>
    <Filter Include="Form Files">
      <UniqueIdentifier>{4f485b2b-8d36-40b1-b786-fccf19b3e215}</UniqueIdentifier>
    </Filter>
    <Filter Include="Source Files\GUI">
      <UniqueIdentifier>{cb3c5c94-e8b5-41c3-8e25-bd8364331865}</UniqueIdentifier>
    </Filter>
    <Filter Include="Generated Files">
      <UniqueIdentifier>{d7bbf09f-99dc-4b1d-a76d-8031b8f5b657}</UniqueIdentifier>
    </Filter>
  </ItemGroup>
  <ItemGroup>
    <ClCompile Include="main.cpp">
      <Filter>Source Files</Filter>
    </ClCompile>
    <ClCompile Include="MeshTriangulation.cpp">
      <Filter>Source Files\PCL</Filter>
    </ClCompile>
    <ClCompile Include="glut.cpp">
      <Filter>Source Files\Renderer</Filter>
    </ClCompile>
    <ClCompile Include="PCLRenderer.cpp">
      <Filter>Source Files\Renderer</Filter>
    </ClCompile>
    <ClCompile Include="KinectWrapper.cpp">
      <Filter>Source Files\Kinect</Filter>
    </ClCompile>
    <ClCompile Include="core\point.cpp">
      <Filter>Source Files\Raytracing\Core</Filter>
    </ClCompile>
    <ClCompile Include="core\float4.cpp">
      <Filter>Source Files\Raytracing\Core</Filter>
    </ClCompile>
    <ClCompile Include="core\scalar.cpp">
      <Filter>Source Files\Raytracing\Core</Filter>
    </ClCompile>
    <ClCompile Include="core\vector.cpp">
      <Filter>Source Files\Raytracing\Core</Filter>
    </ClCompile>
    <ClCompile Include="ray.cpp">
      <Filter>Source Files\Raytracing</Filter>
    </ClCompile>
    <ClCompile Include="bbox.cpp">
      <Filter>Source Files\Raytracing</Filter>
    </ClCompile>
    <ClCompile Include="ConfigUI\ConfigUI.cpp">
      <Filter>Source Files\GUI</Filter>
    </ClCompile>
    <ClCompile Include="ConfigUI\GeneratedFiles\qrc_ConfigUI.cpp">
      <Filter>Generated Files</Filter>
    </ClCompile>
    <ClCompile Include="ConfigUI\GeneratedFiles\Debug\moc_ConfigUI.cpp">
      <Filter>Generated Files</Filter>
    </ClCompile>
  </ItemGroup>
  <ItemGroup>
    <ClInclude Include="glut.h">
      <Filter>Header Files</Filter>
    </ClInclude>
    <ClInclude Include="main.h">
      <Filter>Header Files</Filter>
    </ClInclude>
    <ClInclude Include="MeshTriangulation.h">
      <Filter>Header Files</Filter>
    </ClInclude>
    <ClInclude Include="PCLRenderer.h">
      <Filter>Header Files</Filter>
    </ClInclude>
    <ClInclude Include="KinectWrapper.h">
      <Filter>Header Files</Filter>
    </ClInclude>
    <ClInclude Include="core\float4.h">
      <Filter>Header Files</Filter>
    </ClInclude>
    <ClInclude Include="core\vector.h">
      <Filter>Header Files</Filter>
    </ClInclude>
    <ClInclude Include="core\scalar.h">
      <Filter>Header Files</Filter>
    </ClInclude>
    <ClInclude Include="core\point.h">
      <Filter>Header Files</Filter>
    </ClInclude>
    <ClInclude Include="core\macros.h">
      <Filter>Header Files</Filter>
    </ClInclude>
    <ClInclude Include="core\assert.h">
      <Filter>Header Files</Filter>
    </ClInclude>
    <ClInclude Include="ray.h">
      <Filter>Header Files</Filter>
    </ClInclude>
    <ClInclude Include="bbox.h">
      <Filter>Header Files</Filter>
    </ClInclude>
    <ClInclude Include="ConfigUI\ConfigUI.h">
      <Filter>Header Files</Filter>
    </ClInclude>
    <ClInclude Include="ConfigUI\GeneratedFiles\ui_ConfigUI.h">
      <Filter>Generated Files</Filter>
    </ClInclude>
  </ItemGroup>
  <ItemGroup>
    <None Include="ConfigUI\ConfigUI.ui">
      <Filter>Form Files</Filter>
    </None>
    <None Include="ConfigUI\ConfigUI.qrc">
      <Filter>Resource Files</Filter>
    </None>
  </ItemGroup>
</Project>